
Microsoft Visual Studio Solution File, Format Version 12.00
# Visual Studio Version 17
VisualStudioVersion = 17.7.34024.191
MinimumVisualStudioVersion = 10.0.40219.1
Project("{FAE04EC0-301F-11D3-BF4B-00C04F79EFBC}") = "API", "API\API.csproj", "{463D3F62-66D6-4503-A63C-994B6AF86EC5}"
EndProject
Project("{FAE04EC0-301F-11D3-BF4B-00C04F79EFBC}") = "Domain", "Domain\Domain.csproj", "{9352475A-92F3-49D8-8E04-BC64FB13F7B3}"
EndProject
Project("{FAE04EC0-301F-11D3-BF4B-00C04F79EFBC}") = "Presistence", "Presistence\Presistence.csproj", "{A3536997-FFA3-4700-918F-4543C868C96F}"
EndProject
Project("{FAE04EC0-301F-11D3-BF4B-00C04F79EFBC}") = "Application", "Application\Application.csproj", "{98683BE4-C405-44C8-9192-1291D8656DF2}"
EndProject
Global
	GlobalSection(SolutionConfigurationPlatforms) = preSolution
		Debug|Any CPU = Debug|Any CPU
		Release|Any CPU = Release|Any CPU
	EndGlobalSection
	GlobalSection(ProjectConfigurationPlatforms) = postSolution
		{463D3F62-66D6-4503-A63C-994B6AF86EC5}.Debug|Any CPU.ActiveCfg = Debug|Any CPU
		{463D3F62-66D6-4503-A63C-994B6AF86EC5}.Debug|Any CPU.Build.0 = Debug|Any CPU
		{463D3F62-66D6-4503-A63C-994B6AF86EC5}.Release|Any CPU.ActiveCfg = Release|Any CPU
		{463D3F62-66D6-4503-A63C-994B6AF86EC5}.Release|Any CPU.Build.0 = Release|Any CPU
		{9352475A-92F3-49D8-8E04-BC64FB13F7B3}.Debug|Any CPU.ActiveCfg = Debug|Any CPU
		{9352475A-92F3-49D8-8E04-BC64FB13F7B3}.Debug|Any CPU.Build.0 = Debug|Any CPU
		{9352475A-92F3-49D8-8E04-BC64FB13F7B3}.Release|Any CPU.ActiveCfg = Release|Any CPU
		{9352475A-92F3-49D8-8E04-BC64FB13F7B3}.Release|Any CPU.Build.0 = Release|Any CPU
		{A3536997-FFA3-4700-918F-4543C868C96F}.Debug|Any CPU.ActiveCfg = Debug|Any CPU
		{A3536997-FFA3-4700-918F-4543C868C96F}.Debug|Any CPU.Build.0 = Debug|Any CPU
		{A3536997-FFA3-4700-918F-4543C868C96F}.Release|Any CPU.ActiveCfg = Release|Any CPU
		{A3536997-FFA3-4700-918F-4543C868C96F}.Release|Any CPU.Build.0 = Release|Any CPU
		{98683BE4-C405-44C8-9192-1291D8656DF2}.Debug|Any CPU.ActiveCfg = Debug|Any CPU
		{98683BE4-C405-44C8-9192-1291D8656DF2}.Debug|Any CPU.Build.0 = Debug|Any CPU
		{98683BE4-C405-44C8-9192-1291D8656DF2}.Release|Any CPU.ActiveCfg = Release|Any CPU
		{98683BE4-C405-44C8-9192-1291D8656DF2}.Release|Any CPU.Build.0 = Release|Any CPU
	EndGlobalSection
	GlobalSection(SolutionProperties) = preSolution
		HideSolutionNode = FALSE
	EndGlobalSection
	GlobalSection(ExtensibilityGlobals) = postSolution
		SolutionGuid = {E3CB41E0-ACA4-4E25-9899-A78C3B297566}
	EndGlobalSection
EndGlobal
